
Microsoft Visual Studio Solution File, Format Version 12.00
# Visual Studio Version 16
VisualStudioVersion = 16.0.31205.134
MinimumVisualStudioVersion = 10.0.40219.1
Project("{888888A0-9F3D-457C-B088-3A5042F75D52}") = "DirectorUnpacker", "DirectorUnpacker.pyproj", "{A64038F1-A732-41FD-8E8F-7DB44F0072FE}"
EndProject
Global
	GlobalSection(SolutionConfigurationPlatforms) = preSolution
		Debug|Any CPU = Debug|Any CPU
		Release|Any CPU = Release|Any CPU
	EndGlobalSection
	GlobalSection(ProjectConfigurationPlatforms) = postSolution
		{A64038F1-A732-41FD-8E8F-7DB44F0072FE}.Debug|Any CPU.ActiveCfg = Debug|Any CPU
		{A64038F1-A732-41FD-8E8F-7DB44F0072FE}.Release|Any CPU.ActiveCfg = Release|Any CPU
	EndGlobalSection
	GlobalSection(SolutionProperties) = preSolution
		HideSolutionNode = FALSE
	EndGlobalSection
	GlobalSection(ExtensibilityGlobals) = postSolution
		SolutionGuid = {AF034527-0BC9-4928-90EF-DD0B9371E2DB}
	EndGlobalSection
EndGlobal
